
Microsoft Visual Studio Solution File, Format Version 12.00
# Visual Studio Version 17
VisualStudioVersion = 17.2.32414.248
MinimumVisualStudioVersion = 10.0.40219.1
Project("{FAE04EC0-301F-11D3-BF4B-00C04F79EFBC}") = "Fehlerbehandlung", "Fehlerbehandlung\Fehlerbehandlung.csproj", "{74D52C66-0EF6-46D6-9367-9875147A69A0}"
EndProject
Global
	GlobalSection(SolutionConfigurationPlatforms) = preSolution
		Debug|Any CPU = Debug|Any CPU
		Release|Any CPU = Release|Any CPU
	EndGlobalSection
	GlobalSection(ProjectConfigurationPlatforms) = postSolution
		{74D52C66-0EF6-46D6-9367-9875147A69A0}.Debug|Any CPU.ActiveCfg = Debug|Any CPU
		{74D52C66-0EF6-46D6-9367-9875147A69A0}.Debug|Any CPU.Build.0 = Debug|Any CPU
		{74D52C66-0EF6-46D6-9367-9875147A69A0}.Release|Any CPU.ActiveCfg = Release|Any CPU
		{74D52C66-0EF6-46D6-9367-9875147A69A0}.Release|Any CPU.Build.0 = Release|Any CPU
	EndGlobalSection
	GlobalSection(SolutionProperties) = preSolution
		HideSolutionNode = FALSE
	EndGlobalSection
	GlobalSection(ExtensibilityGlobals) = postSolution
		SolutionGuid = {1AF0E5EF-EE95-4FF6-AEAE-8B30F9B21252}
	EndGlobalSection
EndGlobal
